// !$*UTF8*$!
{
	archiveVersion = 1;
	classes = {
	};
	objectVersion = 56;
	objects = {

/* Begin PBXBuildFile section */
		15D7BB1B6192521FEC9E55A8 /* Pods_RankIn.framework in Frameworks */ = {isa = PBXBuildFile; fileRef = 3C583672605C10F7D49A2D68 /* Pods_RankIn.framework */; };
		590E9D392BAB3D0C006CC09E /* AppDelegate.swift in Sources */ = {isa = PBXBuildFile; fileRef = 590E9D382BAB3D0C006CC09E /* AppDelegate.swift */; };
		590E9D3B2BAB3D0C006CC09E /* SceneDelegate.swift in Sources */ = {isa = PBXBuildFile; fileRef = 590E9D3A2BAB3D0C006CC09E /* SceneDelegate.swift */; };
		590E9D3D2BAB3D0C006CC09E /* HomeViewController.swift in Sources */ = {isa = PBXBuildFile; fileRef = 590E9D3C2BAB3D0C006CC09E /* HomeViewController.swift */; };
		590E9D422BAB3D0E006CC09E /* Assets.xcassets in Resources */ = {isa = PBXBuildFile; fileRef = 590E9D412BAB3D0E006CC09E /* Assets.xcassets */; };
		590E9D452BAB3D0E006CC09E /* LaunchScreen.storyboard in Resources */ = {isa = PBXBuildFile; fileRef = 590E9D432BAB3D0E006CC09E /* LaunchScreen.storyboard */; };
		590E9D502BAB4018006CC09E /* SplashViewController.swift in Sources */ = {isa = PBXBuildFile; fileRef = 590E9D4F2BAB4018006CC09E /* SplashViewController.swift */; };
		590E9D5B2BAB456B006CC09E /* Pretendard-Bold.otf in Resources */ = {isa = PBXBuildFile; fileRef = 590E9D522BAB456A006CC09E /* Pretendard-Bold.otf */; };
		590E9D5C2BAB456B006CC09E /* Pretendard-Regular.otf in Resources */ = {isa = PBXBuildFile; fileRef = 590E9D532BAB456A006CC09E /* Pretendard-Regular.otf */; };
		590E9D5D2BAB456B006CC09E /* Pretendard-ExtraLight.otf in Resources */ = {isa = PBXBuildFile; fileRef = 590E9D542BAB456A006CC09E /* Pretendard-ExtraLight.otf */; };
		590E9D5E2BAB456B006CC09E /* Pretendard-Black.otf in Resources */ = {isa = PBXBuildFile; fileRef = 590E9D552BAB456A006CC09E /* Pretendard-Black.otf */; };
		590E9D5F2BAB456B006CC09E /* Pretendard-Medium.otf in Resources */ = {isa = PBXBuildFile; fileRef = 590E9D562BAB456A006CC09E /* Pretendard-Medium.otf */; };
		590E9D602BAB456B006CC09E /* Pretendard-ExtraBold.otf in Resources */ = {isa = PBXBuildFile; fileRef = 590E9D572BAB456A006CC09E /* Pretendard-ExtraBold.otf */; };
		590E9D612BAB456B006CC09E /* Pretendard-SemiBold.otf in Resources */ = {isa = PBXBuildFile; fileRef = 590E9D582BAB456A006CC09E /* Pretendard-SemiBold.otf */; };
		590E9D622BAB456B006CC09E /* Pretendard-Thin.otf in Resources */ = {isa = PBXBuildFile; fileRef = 590E9D592BAB456B006CC09E /* Pretendard-Thin.otf */; };
		590E9D632BAB456B006CC09E /* Pretendard-Light.otf in Resources */ = {isa = PBXBuildFile; fileRef = 590E9D5A2BAB456B006CC09E /* Pretendard-Light.otf */; };
		590E9D662BAB46CC006CC09E /* UIFont+Pretendard.swift in Sources */ = {isa = PBXBuildFile; fileRef = 590E9D652BAB46CC006CC09E /* UIFont+Pretendard.swift */; };
		590E9D6E2BAC8703006CC09E /* SplashAnimationView.swift in Sources */ = {isa = PBXBuildFile; fileRef = 590E9D6D2BAC8703006CC09E /* SplashAnimationView.swift */; };
		591C466A2BB4434200D3BF14 /* LoginViewController.swift in Sources */ = {isa = PBXBuildFile; fileRef = 591C46692BB4434200D3BF14 /* LoginViewController.swift */; };
		591C46702BB470DA00D3BF14 /* DefaultLoginViewModel.swift in Sources */ = {isa = PBXBuildFile; fileRef = 591C466F2BB470DA00D3BF14 /* DefaultLoginViewModel.swift */; };
		591C46742BB4815600D3BF14 /* UIImage+SystemImage.swift in Sources */ = {isa = PBXBuildFile; fileRef = 591C46732BB4815600D3BF14 /* UIImage+SystemImage.swift */; };
		591C46782BB859E300D3BF14 /* Router.swift in Sources */ = {isa = PBXBuildFile; fileRef = 591C46772BB859E300D3BF14 /* Router.swift */; };
		591C467A2BB85E8C00D3BF14 /* RankInAPI.swift in Sources */ = {isa = PBXBuildFile; fileRef = 591C46792BB85E8C00D3BF14 /* RankInAPI.swift */; };
		591C467C2BB85F2800D3BF14 /* NetworkError.swift in Sources */ = {isa = PBXBuildFile; fileRef = 591C467B2BB85F2800D3BF14 /* NetworkError.swift */; };
		591C46832BB86AC500D3BF14 /* AppleLoginDTO.swift in Sources */ = {isa = PBXBuildFile; fileRef = 591C46822BB86AC500D3BF14 /* AppleLoginDTO.swift */; };
		591C46852BB8701A00D3BF14 /* AppleLoginModel.swift in Sources */ = {isa = PBXBuildFile; fileRef = 591C46842BB8701A00D3BF14 /* AppleLoginModel.swift */; };
		591C46892BB8732C00D3BF14 /* DefaultAppleLoginUseCase.swift in Sources */ = {isa = PBXBuildFile; fileRef = 591C46882BB8732C00D3BF14 /* DefaultAppleLoginUseCase.swift */; };
		591C468B2BB8738200D3BF14 /* AppleLoginUseCase.swift in Sources */ = {isa = PBXBuildFile; fileRef = 591C468A2BB8738200D3BF14 /* AppleLoginUseCase.swift */; };
		591C468D2BB8749E00D3BF14 /* JWTDTO.swift in Sources */ = {isa = PBXBuildFile; fileRef = 591C468C2BB8749E00D3BF14 /* JWTDTO.swift */; };
		591C468F2BB8750F00D3BF14 /* JWT.swift in Sources */ = {isa = PBXBuildFile; fileRef = 591C468E2BB8750F00D3BF14 /* JWT.swift */; };
		591C46922BB8777400D3BF14 /* LoginViewModel.swift in Sources */ = {isa = PBXBuildFile; fileRef = 591C46912BB8777400D3BF14 /* LoginViewModel.swift */; };
		591C46972BB87BA300D3BF14 /* UserRepository.swift in Sources */ = {isa = PBXBuildFile; fileRef = 591C46962BB87BA300D3BF14 /* UserRepository.swift */; };
		591C46992BB87C6E00D3BF14 /* DefaultUserRepository.swift in Sources */ = {isa = PBXBuildFile; fileRef = 591C46982BB87C6E00D3BF14 /* DefaultUserRepository.swift */; };
		591C469C2BB9AEAE00D3BF14 /* Encodable+AsDictionary.swift in Sources */ = {isa = PBXBuildFile; fileRef = 591C469B2BB9AEAE00D3BF14 /* Encodable+AsDictionary.swift */; };
		591C46A22BBDB99700D3BF14 /* KeyChainManager.swift in Sources */ = {isa = PBXBuildFile; fileRef = 591C46A12BBDB99700D3BF14 /* KeyChainManager.swift */; };
		591C46A42BBEF60400D3BF14 /* AuthManager.swift in Sources */ = {isa = PBXBuildFile; fileRef = 591C46A32BBEF60400D3BF14 /* AuthManager.swift */; };
		591C46AA2BC136C600D3BF14 /* MyPageViewController.swift in Sources */ = {isa = PBXBuildFile; fileRef = 591C46A92BC136C600D3BF14 /* MyPageViewController.swift */; };
		5938921E2BFE26F600315CD3 /* RankTableViewCell.swift in Sources */ = {isa = PBXBuildFile; fileRef = 5938921D2BFE26F600315CD3 /* RankTableViewCell.swift */; };
		593892202BFE292500315CD3 /* RankTableViewCellContents.swift in Sources */ = {isa = PBXBuildFile; fileRef = 5938921F2BFE292500315CD3 /* RankTableViewCellContents.swift */; };
		593892222BFE297F00315CD3 /* UITableViewCell+Identifier.swift in Sources */ = {isa = PBXBuildFile; fileRef = 593892212BFE297F00315CD3 /* UITableViewCell+Identifier.swift */; };
		593892272BFE324F00315CD3 /* HomeViewModel.swift in Sources */ = {isa = PBXBuildFile; fileRef = 593892262BFE324F00315CD3 /* HomeViewModel.swift */; };
		593892292BFE355C00315CD3 /* FetchRankListUseCase.swift in Sources */ = {isa = PBXBuildFile; fileRef = 593892282BFE355C00315CD3 /* FetchRankListUseCase.swift */; };
		5938922B2BFE35A100315CD3 /* RankRepository.swift in Sources */ = {isa = PBXBuildFile; fileRef = 5938922A2BFE35A100315CD3 /* RankRepository.swift */; };
		5938922D2BFE35D600315CD3 /* DefaultRankRepository.swift in Sources */ = {isa = PBXBuildFile; fileRef = 5938922C2BFE35D600315CD3 /* DefaultRankRepository.swift */; };
		5938922F2BFE3A5E00315CD3 /* RankDTO.swift in Sources */ = {isa = PBXBuildFile; fileRef = 5938922E2BFE3A5E00315CD3 /* RankDTO.swift */; };
		593892312BFE3E7600315CD3 /* DefaultHomeViewModel.swift in Sources */ = {isa = PBXBuildFile; fileRef = 593892302BFE3E7600315CD3 /* DefaultHomeViewModel.swift */; };
		593892332BFE3FB500315CD3 /* DefaultFetchRankListUseCase.swift in Sources */ = {isa = PBXBuildFile; fileRef = 593892322BFE3FB500315CD3 /* DefaultFetchRankListUseCase.swift */; };
		593892392C05FF5C00315CD3 /* FetchRankComponentsDTO.swift in Sources */ = {isa = PBXBuildFile; fileRef = 593892382C05FF5C00315CD3 /* FetchRankComponentsDTO.swift */; };
		596A58B52BC9A210006C3108 /* LoginResultDTO.swift in Sources */ = {isa = PBXBuildFile; fileRef = 596A58B42BC9A210006C3108 /* LoginResultDTO.swift */; };
		596A58B92BC9A3A2006C3108 /* SejongLoginViewController.swift in Sources */ = {isa = PBXBuildFile; fileRef = 596A58B82BC9A3A2006C3108 /* SejongLoginViewController.swift */; };
		596A58BC2BC9B2BF006C3108 /* SejongLoginViewModel.swift in Sources */ = {isa = PBXBuildFile; fileRef = 596A58BB2BC9B2BF006C3108 /* SejongLoginViewModel.swift */; };
		596A58BF2BC9B37C006C3108 /* DefaultSejongLoginViewModel.swift in Sources */ = {isa = PBXBuildFile; fileRef = 596A58BE2BC9B37C006C3108 /* DefaultSejongLoginViewModel.swift */; };
		596A58C12BC9B5C7006C3108 /* SejongLoginUseCase.swift in Sources */ = {isa = PBXBuildFile; fileRef = 596A58C02BC9B5C7006C3108 /* SejongLoginUseCase.swift */; };
		596A58C32BC9B60C006C3108 /* SignUpRepository.swift in Sources */ = {isa = PBXBuildFile; fileRef = 596A58C22BC9B60C006C3108 /* SignUpRepository.swift */; };
		596A58C72BC9B700006C3108 /* SejongLoginInfo.swift in Sources */ = {isa = PBXBuildFile; fileRef = 596A58C62BC9B700006C3108 /* SejongLoginInfo.swift */; };
		596A58C92BC9BBEF006C3108 /* DefaultSejongLoginUseCase.swift in Sources */ = {isa = PBXBuildFile; fileRef = 596A58C82BC9BBEF006C3108 /* DefaultSejongLoginUseCase.swift */; };
		596A58CB2BC9BC5A006C3108 /* DefaultSignUpRepository.swift in Sources */ = {isa = PBXBuildFile; fileRef = 596A58CA2BC9BC5A006C3108 /* DefaultSignUpRepository.swift */; };
		596A58CD2BC9BCC8006C3108 /* SejongLoginInfoDTO.swift in Sources */ = {isa = PBXBuildFile; fileRef = 596A58CC2BC9BCC8006C3108 /* SejongLoginInfoDTO.swift */; };
		596A58CF2BC9BDD3006C3108 /* SejongLoginResultDTO.swift in Sources */ = {isa = PBXBuildFile; fileRef = 596A58CE2BC9BDD3006C3108 /* SejongLoginResultDTO.swift */; };
		596A58D12BCAD51D006C3108 /* NicknameViewController.swift in Sources */ = {isa = PBXBuildFile; fileRef = 596A58D02BCAD51D006C3108 /* NicknameViewController.swift */; };
		596A58D32BCAD616006C3108 /* NicknameViewModel.swift in Sources */ = {isa = PBXBuildFile; fileRef = 596A58D22BCAD615006C3108 /* NicknameViewModel.swift */; };
		596A58D52BCAD66B006C3108 /* SetNicknameUseCase.swift in Sources */ = {isa = PBXBuildFile; fileRef = 596A58D42BCAD66B006C3108 /* SetNicknameUseCase.swift */; };
		596A58D72BCAD6B8006C3108 /* DefaultSetNicknameUseCase.swift in Sources */ = {isa = PBXBuildFile; fileRef = 596A58D62BCAD6B8006C3108 /* DefaultSetNicknameUseCase.swift */; };
		596A58D92BCADAC3006C3108 /* DefaultNicknameViewModel.swift in Sources */ = {isa = PBXBuildFile; fileRef = 596A58D82BCADAC2006C3108 /* DefaultNicknameViewModel.swift */; };
		59828B812C0E2A46007AA3E1 /* MyPageViewModel.swift in Sources */ = {isa = PBXBuildFile; fileRef = 59828B802C0E2A46007AA3E1 /* MyPageViewModel.swift */; };
		59828B842C0E2CC3007AA3E1 /* LogOutUseCase.swift in Sources */ = {isa = PBXBuildFile; fileRef = 59828B832C0E2CC3007AA3E1 /* LogOutUseCase.swift */; };
		59A2BADE2BCECD80003CFCAA /* RepositoryError.swift in Sources */ = {isa = PBXBuildFile; fileRef = 59A2BADD2BCECD80003CFCAA /* RepositoryError.swift */; };
		59A2BAE02BCED306003CFCAA /* UIViewController+Toast.swift in Sources */ = {isa = PBXBuildFile; fileRef = 59A2BADF2BCED306003CFCAA /* UIViewController+Toast.swift */; };
		59A2BAE42BCED616003CFCAA /* GradeViewController.swift in Sources */ = {isa = PBXBuildFile; fileRef = 59A2BAE32BCED616003CFCAA /* GradeViewController.swift */; };
		59A2BAE62BCED70B003CFCAA /* GradeViewModel.swift in Sources */ = {isa = PBXBuildFile; fileRef = 59A2BAE52BCED70B003CFCAA /* GradeViewModel.swift */; };
		59A2BAE82BCED764003CFCAA /* SetGradeUseCase.swift in Sources */ = {isa = PBXBuildFile; fileRef = 59A2BAE72BCED764003CFCAA /* SetGradeUseCase.swift */; };
		59A2BAEA2BCED7A8003CFCAA /* DefaultSetGradeUseCase.swift in Sources */ = {isa = PBXBuildFile; fileRef = 59A2BAE92BCED7A8003CFCAA /* DefaultSetGradeUseCase.swift */; };
		59A2BAEC2BCED8DA003CFCAA /* DefaultGradeViewModel.swift in Sources */ = {isa = PBXBuildFile; fileRef = 59A2BAEB2BCED8DA003CFCAA /* DefaultGradeViewModel.swift */; };
		59A2BAEE2BD011C5003CFCAA /* RefreshTokenDTO.swift in Sources */ = {isa = PBXBuildFile; fileRef = 59A2BAED2BD011C5003CFCAA /* RefreshTokenDTO.swift */; };
		59A2BAF02BD011F3003CFCAA /* NicknameDTO.swift in Sources */ = {isa = PBXBuildFile; fileRef = 59A2BAEF2BD011F3003CFCAA /* NicknameDTO.swift */; };
		59A2BAF22BD01234003CFCAA /* GradeDTO.swift in Sources */ = {isa = PBXBuildFile; fileRef = 59A2BAF12BD01234003CFCAA /* GradeDTO.swift */; };
		59A2BAF42BD150EE003CFCAA /* GitHubViewController.swift in Sources */ = {isa = PBXBuildFile; fileRef = 59A2BAF32BD150EE003CFCAA /* GitHubViewController.swift */; };
		59A2BAF62BD15878003CFCAA /* GitHubViewModel.swift in Sources */ = {isa = PBXBuildFile; fileRef = 59A2BAF52BD15878003CFCAA /* GitHubViewModel.swift */; };
		59A2BAF82BD158EA003CFCAA /* GitHubAuthorizationUseCase.swift in Sources */ = {isa = PBXBuildFile; fileRef = 59A2BAF72BD158EA003CFCAA /* GitHubAuthorizationUseCase.swift */; };
		59A2BAFA2BD15916003CFCAA /* DefaultGitHubAuthorizationUseCase.swift in Sources */ = {isa = PBXBuildFile; fileRef = 59A2BAF92BD15916003CFCAA /* DefaultGitHubAuthorizationUseCase.swift */; };
		59A2BAFC2BD15F1D003CFCAA /* ClientIdentifierDTO.swift in Sources */ = {isa = PBXBuildFile; fileRef = 59A2BAFB2BD15F1D003CFCAA /* ClientIdentifierDTO.swift */; };
		59A2BAFE2BD16668003CFCAA /* DefaultGitHubViewModel.swift in Sources */ = {isa = PBXBuildFile; fileRef = 59A2BAFD2BD16668003CFCAA /* DefaultGitHubViewModel.swift */; };
		59A2BB042BD43951003CFCAA /* GitHubAccessTokenDTO.swift in Sources */ = {isa = PBXBuildFile; fileRef = 59A2BB032BD43951003CFCAA /* GitHubAccessTokenDTO.swift */; };
		59A2BB062BD51D09003CFCAA /* GitHubAuthorizationRegisterUseCase.swift in Sources */ = {isa = PBXBuildFile; fileRef = 59A2BB052BD51D09003CFCAA /* GitHubAuthorizationRegisterUseCase.swift */; };
		59A2BB082BD51D51003CFCAA /* DefaultGitHubAuthorizationRegisterUseCase.swift in Sources */ = {isa = PBXBuildFile; fileRef = 59A2BB072BD51D51003CFCAA /* DefaultGitHubAuthorizationRegisterUseCase.swift */; };
		59A2BB0A2BD51E20003CFCAA /* GitHubAuthorizationDTO.swift in Sources */ = {isa = PBXBuildFile; fileRef = 59A2BB092BD51E20003CFCAA /* GitHubAuthorizationDTO.swift */; };
		59C273602BF0FF6100CAAC08 /* BaekjoonViewController.swift in Sources */ = {isa = PBXBuildFile; fileRef = 59C2735F2BF0FF6100CAAC08 /* BaekjoonViewController.swift */; };
		59C273622BF103ED00CAAC08 /* BaekjoonViewModel.swift in Sources */ = {isa = PBXBuildFile; fileRef = 59C273612BF103ED00CAAC08 /* BaekjoonViewModel.swift */; };
		59C273642BF104A000CAAC08 /* SetBaekjoonIDUseCase.swift in Sources */ = {isa = PBXBuildFile; fileRef = 59C273632BF104A000CAAC08 /* SetBaekjoonIDUseCase.swift */; };
		59C273662BF1051400CAAC08 /* BaekjoonDTO.swift in Sources */ = {isa = PBXBuildFile; fileRef = 59C273652BF1051300CAAC08 /* BaekjoonDTO.swift */; };
		59C273682BF105C000CAAC08 /* DefaultSetBaekjoonIDUseCase.swift in Sources */ = {isa = PBXBuildFile; fileRef = 59C273672BF105C000CAAC08 /* DefaultSetBaekjoonIDUseCase.swift */; };
		59C2736A2BF10B8000CAAC08 /* DefaultBaekjoonViewModel.swift in Sources */ = {isa = PBXBuildFile; fileRef = 59C273692BF10B8000CAAC08 /* DefaultBaekjoonViewModel.swift */; };
		59F4A1222C06C7B6000E17AD /* FetchRankComponents.swift in Sources */ = {isa = PBXBuildFile; fileRef = 59F4A1212C06C7B6000E17AD /* FetchRankComponents.swift */; };
/* End PBXBuildFile section */

/* Begin PBXFileReference section */
		3C583672605C10F7D49A2D68 /* Pods_RankIn.framework */ = {isa = PBXFileReference; explicitFileType = wrapper.framework; includeInIndex = 0; path = Pods_RankIn.framework; sourceTree = BUILT_PRODUCTS_DIR; };
		47CC3F7D964E8D9D55D56450 /* Pods-RankIn.release.xcconfig */ = {isa = PBXFileReference; includeInIndex = 1; lastKnownFileType = text.xcconfig; name = "Pods-RankIn.release.xcconfig"; path = "Target Support Files/Pods-RankIn/Pods-RankIn.release.xcconfig"; sourceTree = "<group>"; };
		590E9D352BAB3D0C006CC09E /* RankIn.app */ = {isa = PBXFileReference; explicitFileType = wrapper.application; includeInIndex = 0; path = RankIn.app; sourceTree = BUILT_PRODUCTS_DIR; };
		590E9D382BAB3D0C006CC09E /* AppDelegate.swift */ = {isa = PBXFileReference; lastKnownFileType = sourcecode.swift; path = AppDelegate.swift; sourceTree = "<group>"; };
		590E9D3A2BAB3D0C006CC09E /* SceneDelegate.swift */ = {isa = PBXFileReference; lastKnownFileType = sourcecode.swift; path = SceneDelegate.swift; sourceTree = "<group>"; };
		590E9D3C2BAB3D0C006CC09E /* HomeViewController.swift */ = {isa = PBXFileReference; lastKnownFileType = sourcecode.swift; path = HomeViewController.swift; sourceTree = "<group>"; };
		590E9D412BAB3D0E006CC09E /* Assets.xcassets */ = {isa = PBXFileReference; lastKnownFileType = folder.assetcatalog; path = Assets.xcassets; sourceTree = "<group>"; };
		590E9D442BAB3D0E006CC09E /* Base */ = {isa = PBXFileReference; lastKnownFileType = file.storyboard; name = Base; path = Base.lproj/LaunchScreen.storyboard; sourceTree = "<group>"; };
		590E9D462BAB3D0E006CC09E /* Info.plist */ = {isa = PBXFileReference; lastKnownFileType = text.plist.xml; path = Info.plist; sourceTree = "<group>"; };
		590E9D4F2BAB4018006CC09E /* SplashViewController.swift */ = {isa = PBXFileReference; lastKnownFileType = sourcecode.swift; path = SplashViewController.swift; sourceTree = "<group>"; };
		590E9D522BAB456A006CC09E /* Pretendard-Bold.otf */ = {isa = PBXFileReference; lastKnownFileType = file; path = "Pretendard-Bold.otf"; sourceTree = "<group>"; };
		590E9D532BAB456A006CC09E /* Pretendard-Regular.otf */ = {isa = PBXFileReference; lastKnownFileType = file; path = "Pretendard-Regular.otf"; sourceTree = "<group>"; };
		590E9D542BAB456A006CC09E /* Pretendard-ExtraLight.otf */ = {isa = PBXFileReference; lastKnownFileType = file; path = "Pretendard-ExtraLight.otf"; sourceTree = "<group>"; };
		590E9D552BAB456A006CC09E /* Pretendard-Black.otf */ = {isa = PBXFileReference; lastKnownFileType = file; path = "Pretendard-Black.otf"; sourceTree = "<group>"; };
		590E9D562BAB456A006CC09E /* Pretendard-Medium.otf */ = {isa = PBXFileReference; lastKnownFileType = file; path = "Pretendard-Medium.otf"; sourceTree = "<group>"; };
		590E9D572BAB456A006CC09E /* Pretendard-ExtraBold.otf */ = {isa = PBXFileReference; lastKnownFileType = file; path = "Pretendard-ExtraBold.otf"; sourceTree = "<group>"; };
		590E9D582BAB456A006CC09E /* Pretendard-SemiBold.otf */ = {isa = PBXFileReference; lastKnownFileType = file; path = "Pretendard-SemiBold.otf"; sourceTree = "<group>"; };
		590E9D592BAB456B006CC09E /* Pretendard-Thin.otf */ = {isa = PBXFileReference; lastKnownFileType = file; path = "Pretendard-Thin.otf"; sourceTree = "<group>"; };
		590E9D5A2BAB456B006CC09E /* Pretendard-Light.otf */ = {isa = PBXFileReference; lastKnownFileType = file; path = "Pretendard-Light.otf"; sourceTree = "<group>"; };
		590E9D652BAB46CC006CC09E /* UIFont+Pretendard.swift */ = {isa = PBXFileReference; lastKnownFileType = sourcecode.swift; path = "UIFont+Pretendard.swift"; sourceTree = "<group>"; };
		590E9D682BAC70A9006CC09E /* .swiftlint.yml */ = {isa = PBXFileReference; lastKnownFileType = text.yaml; path = .swiftlint.yml; sourceTree = "<group>"; };
		590E9D6D2BAC8703006CC09E /* SplashAnimationView.swift */ = {isa = PBXFileReference; lastKnownFileType = sourcecode.swift; path = SplashAnimationView.swift; sourceTree = "<group>"; };
		591C46692BB4434200D3BF14 /* LoginViewController.swift */ = {isa = PBXFileReference; lastKnownFileType = sourcecode.swift; path = LoginViewController.swift; sourceTree = "<group>"; };
		591C466F2BB470DA00D3BF14 /* DefaultLoginViewModel.swift */ = {isa = PBXFileReference; lastKnownFileType = sourcecode.swift; path = DefaultLoginViewModel.swift; sourceTree = "<group>"; };
		591C46722BB47A5B00D3BF14 /* RankIn.entitlements */ = {isa = PBXFileReference; lastKnownFileType = text.plist.entitlements; path = RankIn.entitlements; sourceTree = "<group>"; };
		591C46732BB4815600D3BF14 /* UIImage+SystemImage.swift */ = {isa = PBXFileReference; lastKnownFileType = sourcecode.swift; path = "UIImage+SystemImage.swift"; sourceTree = "<group>"; };
		591C46772BB859E300D3BF14 /* Router.swift */ = {isa = PBXFileReference; lastKnownFileType = sourcecode.swift; path = Router.swift; sourceTree = "<group>"; };
		591C46792BB85E8C00D3BF14 /* RankInAPI.swift */ = {isa = PBXFileReference; lastKnownFileType = sourcecode.swift; path = RankInAPI.swift; sourceTree = "<group>"; };
		591C467B2BB85F2800D3BF14 /* NetworkError.swift */ = {isa = PBXFileReference; lastKnownFileType = sourcecode.swift; path = NetworkError.swift; sourceTree = "<group>"; };
		591C46822BB86AC500D3BF14 /* AppleLoginDTO.swift */ = {isa = PBXFileReference; lastKnownFileType = sourcecode.swift; path = AppleLoginDTO.swift; sourceTree = "<group>"; };
		591C46842BB8701A00D3BF14 /* AppleLoginModel.swift */ = {isa = PBXFileReference; lastKnownFileType = sourcecode.swift; path = AppleLoginModel.swift; sourceTree = "<group>"; };
		591C46882BB8732C00D3BF14 /* DefaultAppleLoginUseCase.swift */ = {isa = PBXFileReference; lastKnownFileType = sourcecode.swift; path = DefaultAppleLoginUseCase.swift; sourceTree = "<group>"; };
		591C468A2BB8738200D3BF14 /* AppleLoginUseCase.swift */ = {isa = PBXFileReference; lastKnownFileType = sourcecode.swift; path = AppleLoginUseCase.swift; sourceTree = "<group>"; };
		591C468C2BB8749E00D3BF14 /* JWTDTO.swift */ = {isa = PBXFileReference; lastKnownFileType = sourcecode.swift; path = JWTDTO.swift; sourceTree = "<group>"; };
		591C468E2BB8750F00D3BF14 /* JWT.swift */ = {isa = PBXFileReference; lastKnownFileType = sourcecode.swift; path = JWT.swift; sourceTree = "<group>"; };
		591C46912BB8777400D3BF14 /* LoginViewModel.swift */ = {isa = PBXFileReference; lastKnownFileType = sourcecode.swift; path = LoginViewModel.swift; sourceTree = "<group>"; };
		591C46962BB87BA300D3BF14 /* UserRepository.swift */ = {isa = PBXFileReference; lastKnownFileType = sourcecode.swift; path = UserRepository.swift; sourceTree = "<group>"; };
		591C46982BB87C6E00D3BF14 /* DefaultUserRepository.swift */ = {isa = PBXFileReference; lastKnownFileType = sourcecode.swift; path = DefaultUserRepository.swift; sourceTree = "<group>"; };
		591C469B2BB9AEAE00D3BF14 /* Encodable+AsDictionary.swift */ = {isa = PBXFileReference; lastKnownFileType = sourcecode.swift; path = "Encodable+AsDictionary.swift"; sourceTree = "<group>"; };
		591C46A12BBDB99700D3BF14 /* KeyChainManager.swift */ = {isa = PBXFileReference; lastKnownFileType = sourcecode.swift; path = KeyChainManager.swift; sourceTree = "<group>"; };
		591C46A32BBEF60400D3BF14 /* AuthManager.swift */ = {isa = PBXFileReference; lastKnownFileType = sourcecode.swift; path = AuthManager.swift; sourceTree = "<group>"; };
		591C46A92BC136C600D3BF14 /* MyPageViewController.swift */ = {isa = PBXFileReference; lastKnownFileType = sourcecode.swift; path = MyPageViewController.swift; sourceTree = "<group>"; };
		5938921D2BFE26F600315CD3 /* RankTableViewCell.swift */ = {isa = PBXFileReference; lastKnownFileType = sourcecode.swift; path = RankTableViewCell.swift; sourceTree = "<group>"; };
		5938921F2BFE292500315CD3 /* RankTableViewCellContents.swift */ = {isa = PBXFileReference; lastKnownFileType = sourcecode.swift; path = RankTableViewCellContents.swift; sourceTree = "<group>"; };
		593892212BFE297F00315CD3 /* UITableViewCell+Identifier.swift */ = {isa = PBXFileReference; lastKnownFileType = sourcecode.swift; path = "UITableViewCell+Identifier.swift"; sourceTree = "<group>"; };
		593892262BFE324F00315CD3 /* HomeViewModel.swift */ = {isa = PBXFileReference; lastKnownFileType = sourcecode.swift; path = HomeViewModel.swift; sourceTree = "<group>"; };
		593892282BFE355C00315CD3 /* FetchRankListUseCase.swift */ = {isa = PBXFileReference; lastKnownFileType = sourcecode.swift; path = FetchRankListUseCase.swift; sourceTree = "<group>"; };
		5938922A2BFE35A100315CD3 /* RankRepository.swift */ = {isa = PBXFileReference; lastKnownFileType = sourcecode.swift; path = RankRepository.swift; sourceTree = "<group>"; };
		5938922C2BFE35D600315CD3 /* DefaultRankRepository.swift */ = {isa = PBXFileReference; lastKnownFileType = sourcecode.swift; path = DefaultRankRepository.swift; sourceTree = "<group>"; };
		5938922E2BFE3A5E00315CD3 /* RankDTO.swift */ = {isa = PBXFileReference; lastKnownFileType = sourcecode.swift; path = RankDTO.swift; sourceTree = "<group>"; };
		593892302BFE3E7600315CD3 /* DefaultHomeViewModel.swift */ = {isa = PBXFileReference; lastKnownFileType = sourcecode.swift; path = DefaultHomeViewModel.swift; sourceTree = "<group>"; };
		593892322BFE3FB500315CD3 /* DefaultFetchRankListUseCase.swift */ = {isa = PBXFileReference; lastKnownFileType = sourcecode.swift; path = DefaultFetchRankListUseCase.swift; sourceTree = "<group>"; };
		593892382C05FF5C00315CD3 /* FetchRankComponentsDTO.swift */ = {isa = PBXFileReference; lastKnownFileType = sourcecode.swift; path = FetchRankComponentsDTO.swift; sourceTree = "<group>"; };
		596A58B32BC83704006C3108 /* Secret.xcconfig */ = {isa = PBXFileReference; lastKnownFileType = text.xcconfig; path = Secret.xcconfig; sourceTree = "<group>"; };
		596A58B42BC9A210006C3108 /* LoginResultDTO.swift */ = {isa = PBXFileReference; lastKnownFileType = sourcecode.swift; path = LoginResultDTO.swift; sourceTree = "<group>"; };
		596A58B82BC9A3A2006C3108 /* SejongLoginViewController.swift */ = {isa = PBXFileReference; lastKnownFileType = sourcecode.swift; path = SejongLoginViewController.swift; sourceTree = "<group>"; };
		596A58BB2BC9B2BF006C3108 /* SejongLoginViewModel.swift */ = {isa = PBXFileReference; lastKnownFileType = sourcecode.swift; path = SejongLoginViewModel.swift; sourceTree = "<group>"; };
		596A58BE2BC9B37C006C3108 /* DefaultSejongLoginViewModel.swift */ = {isa = PBXFileReference; lastKnownFileType = sourcecode.swift; path = DefaultSejongLoginViewModel.swift; sourceTree = "<group>"; };
		596A58C02BC9B5C7006C3108 /* SejongLoginUseCase.swift */ = {isa = PBXFileReference; lastKnownFileType = sourcecode.swift; name = SejongLoginUseCase.swift; path = ../../../../../../Downloads/SejongLoginUseCase.swift; sourceTree = "<group>"; };
		596A58C22BC9B60C006C3108 /* SignUpRepository.swift */ = {isa = PBXFileReference; lastKnownFileType = sourcecode.swift; path = SignUpRepository.swift; sourceTree = "<group>"; };
		596A58C62BC9B700006C3108 /* SejongLoginInfo.swift */ = {isa = PBXFileReference; lastKnownFileType = sourcecode.swift; path = SejongLoginInfo.swift; sourceTree = "<group>"; };
		596A58C82BC9BBEF006C3108 /* DefaultSejongLoginUseCase.swift */ = {isa = PBXFileReference; lastKnownFileType = sourcecode.swift; path = DefaultSejongLoginUseCase.swift; sourceTree = "<group>"; };
		596A58CA2BC9BC5A006C3108 /* DefaultSignUpRepository.swift */ = {isa = PBXFileReference; lastKnownFileType = sourcecode.swift; path = DefaultSignUpRepository.swift; sourceTree = "<group>"; };
		596A58CC2BC9BCC8006C3108 /* SejongLoginInfoDTO.swift */ = {isa = PBXFileReference; lastKnownFileType = sourcecode.swift; path = SejongLoginInfoDTO.swift; sourceTree = "<group>"; };
		596A58CE2BC9BDD3006C3108 /* SejongLoginResultDTO.swift */ = {isa = PBXFileReference; lastKnownFileType = sourcecode.swift; path = SejongLoginResultDTO.swift; sourceTree = "<group>"; };
		596A58D02BCAD51D006C3108 /* NicknameViewController.swift */ = {isa = PBXFileReference; lastKnownFileType = sourcecode.swift; path = NicknameViewController.swift; sourceTree = "<group>"; };
		596A58D22BCAD615006C3108 /* NicknameViewModel.swift */ = {isa = PBXFileReference; lastKnownFileType = sourcecode.swift; path = NicknameViewModel.swift; sourceTree = "<group>"; };
		596A58D42BCAD66B006C3108 /* SetNicknameUseCase.swift */ = {isa = PBXFileReference; lastKnownFileType = sourcecode.swift; path = SetNicknameUseCase.swift; sourceTree = "<group>"; };
		596A58D62BCAD6B8006C3108 /* DefaultSetNicknameUseCase.swift */ = {isa = PBXFileReference; lastKnownFileType = sourcecode.swift; path = DefaultSetNicknameUseCase.swift; sourceTree = "<group>"; };
		596A58D82BCADAC2006C3108 /* DefaultNicknameViewModel.swift */ = {isa = PBXFileReference; lastKnownFileType = sourcecode.swift; path = DefaultNicknameViewModel.swift; sourceTree = "<group>"; };
		59828B802C0E2A46007AA3E1 /* MyPageViewModel.swift */ = {isa = PBXFileReference; lastKnownFileType = sourcecode.swift; path = MyPageViewModel.swift; sourceTree = "<group>"; };
		59828B832C0E2CC3007AA3E1 /* LogOutUseCase.swift */ = {isa = PBXFileReference; lastKnownFileType = sourcecode.swift; path = LogOutUseCase.swift; sourceTree = "<group>"; };
		59A2BADD2BCECD80003CFCAA /* RepositoryError.swift */ = {isa = PBXFileReference; lastKnownFileType = sourcecode.swift; path = RepositoryError.swift; sourceTree = "<group>"; };
		59A2BADF2BCED306003CFCAA /* UIViewController+Toast.swift */ = {isa = PBXFileReference; lastKnownFileType = sourcecode.swift; path = "UIViewController+Toast.swift"; sourceTree = "<group>"; };
		59A2BAE32BCED616003CFCAA /* GradeViewController.swift */ = {isa = PBXFileReference; lastKnownFileType = sourcecode.swift; path = GradeViewController.swift; sourceTree = "<group>"; };
		59A2BAE52BCED70B003CFCAA /* GradeViewModel.swift */ = {isa = PBXFileReference; lastKnownFileType = sourcecode.swift; path = GradeViewModel.swift; sourceTree = "<group>"; };
		59A2BAE72BCED764003CFCAA /* SetGradeUseCase.swift */ = {isa = PBXFileReference; lastKnownFileType = sourcecode.swift; path = SetGradeUseCase.swift; sourceTree = "<group>"; };
		59A2BAE92BCED7A8003CFCAA /* DefaultSetGradeUseCase.swift */ = {isa = PBXFileReference; lastKnownFileType = sourcecode.swift; path = DefaultSetGradeUseCase.swift; sourceTree = "<group>"; };
		59A2BAEB2BCED8DA003CFCAA /* DefaultGradeViewModel.swift */ = {isa = PBXFileReference; lastKnownFileType = sourcecode.swift; path = DefaultGradeViewModel.swift; sourceTree = "<group>"; };
		59A2BAED2BD011C5003CFCAA /* RefreshTokenDTO.swift */ = {isa = PBXFileReference; lastKnownFileType = sourcecode.swift; path = RefreshTokenDTO.swift; sourceTree = "<group>"; };
		59A2BAEF2BD011F3003CFCAA /* NicknameDTO.swift */ = {isa = PBXFileReference; lastKnownFileType = sourcecode.swift; path = NicknameDTO.swift; sourceTree = "<group>"; };
		59A2BAF12BD01234003CFCAA /* GradeDTO.swift */ = {isa = PBXFileReference; lastKnownFileType = sourcecode.swift; path = GradeDTO.swift; sourceTree = "<group>"; };
		59A2BAF32BD150EE003CFCAA /* GitHubViewController.swift */ = {isa = PBXFileReference; lastKnownFileType = sourcecode.swift; path = GitHubViewController.swift; sourceTree = "<group>"; };
		59A2BAF52BD15878003CFCAA /* GitHubViewModel.swift */ = {isa = PBXFileReference; lastKnownFileType = sourcecode.swift; path = GitHubViewModel.swift; sourceTree = "<group>"; };
		59A2BAF72BD158EA003CFCAA /* GitHubAuthorizationUseCase.swift */ = {isa = PBXFileReference; lastKnownFileType = sourcecode.swift; path = GitHubAuthorizationUseCase.swift; sourceTree = "<group>"; };
		59A2BAF92BD15916003CFCAA /* DefaultGitHubAuthorizationUseCase.swift */ = {isa = PBXFileReference; lastKnownFileType = sourcecode.swift; path = DefaultGitHubAuthorizationUseCase.swift; sourceTree = "<group>"; };
		59A2BAFB2BD15F1D003CFCAA /* ClientIdentifierDTO.swift */ = {isa = PBXFileReference; lastKnownFileType = sourcecode.swift; path = ClientIdentifierDTO.swift; sourceTree = "<group>"; };
		59A2BAFD2BD16668003CFCAA /* DefaultGitHubViewModel.swift */ = {isa = PBXFileReference; lastKnownFileType = sourcecode.swift; path = DefaultGitHubViewModel.swift; sourceTree = "<group>"; };
		59A2BB032BD43951003CFCAA /* GitHubAccessTokenDTO.swift */ = {isa = PBXFileReference; lastKnownFileType = sourcecode.swift; path = GitHubAccessTokenDTO.swift; sourceTree = "<group>"; };
		59A2BB052BD51D09003CFCAA /* GitHubAuthorizationRegisterUseCase.swift */ = {isa = PBXFileReference; lastKnownFileType = sourcecode.swift; path = GitHubAuthorizationRegisterUseCase.swift; sourceTree = "<group>"; };
		59A2BB072BD51D51003CFCAA /* DefaultGitHubAuthorizationRegisterUseCase.swift */ = {isa = PBXFileReference; lastKnownFileType = sourcecode.swift; path = DefaultGitHubAuthorizationRegisterUseCase.swift; sourceTree = "<group>"; };
		59A2BB092BD51E20003CFCAA /* GitHubAuthorizationDTO.swift */ = {isa = PBXFileReference; lastKnownFileType = sourcecode.swift; path = GitHubAuthorizationDTO.swift; sourceTree = "<group>"; };
		59C2735F2BF0FF6100CAAC08 /* BaekjoonViewController.swift */ = {isa = PBXFileReference; lastKnownFileType = sourcecode.swift; path = BaekjoonViewController.swift; sourceTree = "<group>"; };
		59C273612BF103ED00CAAC08 /* BaekjoonViewModel.swift */ = {isa = PBXFileReference; lastKnownFileType = sourcecode.swift; path = BaekjoonViewModel.swift; sourceTree = "<group>"; };
		59C273632BF104A000CAAC08 /* SetBaekjoonIDUseCase.swift */ = {isa = PBXFileReference; lastKnownFileType = sourcecode.swift; path = SetBaekjoonIDUseCase.swift; sourceTree = "<group>"; };
		59C273652BF1051300CAAC08 /* BaekjoonDTO.swift */ = {isa = PBXFileReference; lastKnownFileType = sourcecode.swift; path = BaekjoonDTO.swift; sourceTree = "<group>"; };
		59C273672BF105C000CAAC08 /* DefaultSetBaekjoonIDUseCase.swift */ = {isa = PBXFileReference; lastKnownFileType = sourcecode.swift; path = DefaultSetBaekjoonIDUseCase.swift; sourceTree = "<group>"; };
		59C273692BF10B8000CAAC08 /* DefaultBaekjoonViewModel.swift */ = {isa = PBXFileReference; lastKnownFileType = sourcecode.swift; path = DefaultBaekjoonViewModel.swift; sourceTree = "<group>"; };
		59F4A1212C06C7B6000E17AD /* FetchRankComponents.swift */ = {isa = PBXFileReference; lastKnownFileType = sourcecode.swift; path = FetchRankComponents.swift; sourceTree = "<group>"; };
		639A6E866D0594E693CF81EA /* Pods-RankIn.debug.xcconfig */ = {isa = PBXFileReference; includeInIndex = 1; lastKnownFileType = text.xcconfig; name = "Pods-RankIn.debug.xcconfig"; path = "Target Support Files/Pods-RankIn/Pods-RankIn.debug.xcconfig"; sourceTree = "<group>"; };
/* End PBXFileReference section */

/* Begin PBXFrameworksBuildPhase section */
		590E9D322BAB3D0C006CC09E /* Frameworks */ = {
			isa = PBXFrameworksBuildPhase;
			buildActionMask = 2147483647;
			files = (
				15D7BB1B6192521FEC9E55A8 /* Pods_RankIn.framework in Frameworks */,
			);
			runOnlyForDeploymentPostprocessing = 0;
		};
/* End PBXFrameworksBuildPhase section */

/* Begin PBXGroup section */
		53384C9AB78BF545B8413206 /* Pods */ = {
			isa = PBXGroup;
			children = (
				639A6E866D0594E693CF81EA /* Pods-RankIn.debug.xcconfig */,
				47CC3F7D964E8D9D55D56450 /* Pods-RankIn.release.xcconfig */,
			);
			path = Pods;
			sourceTree = "<group>";
		};
		590E9D2C2BAB3D0C006CC09E = {
			isa = PBXGroup;
			children = (
				596A58B32BC83704006C3108 /* Secret.xcconfig */,
				590E9D682BAC70A9006CC09E /* .swiftlint.yml */,
				590E9D372BAB3D0C006CC09E /* RankIn */,
				590E9D362BAB3D0C006CC09E /* Products */,
				53384C9AB78BF545B8413206 /* Pods */,
				CE384C7C00B8659705E3FD80 /* Frameworks */,
			);
			sourceTree = "<group>";
		};
		590E9D362BAB3D0C006CC09E /* Products */ = {
			isa = PBXGroup;
			children = (
				590E9D352BAB3D0C006CC09E /* RankIn.app */,
			);
			name = Products;
			sourceTree = "<group>";
		};
		590E9D372BAB3D0C006CC09E /* RankIn */ = {
			isa = PBXGroup;
			children = (
				591C46722BB47A5B00D3BF14 /* RankIn.entitlements */,
				591C467D2BB85FDE00D3BF14 /* Domain */,
				591C46752BB8591700D3BF14 /* Data */,
				590E9D4C2BAB3F64006CC09E /* Application */,
				590E9D4E2BAB3F7B006CC09E /* Resource */,
				590E9D4D2BAB3F6C006CC09E /* Presentation */,
				590E9D642BAB46B1006CC09E /* extension */,
				590E9D432BAB3D0E006CC09E /* LaunchScreen.storyboard */,
			);
			path = RankIn;
			sourceTree = "<group>";
		};
		590E9D4C2BAB3F64006CC09E /* Application */ = {
			isa = PBXGroup;
			children = (
				590E9D382BAB3D0C006CC09E /* AppDelegate.swift */,
				590E9D3A2BAB3D0C006CC09E /* SceneDelegate.swift */,
				590E9D462BAB3D0E006CC09E /* Info.plist */,
			);
			path = Application;
			sourceTree = "<group>";
		};
		590E9D4D2BAB3F6C006CC09E /* Presentation */ = {
			isa = PBXGroup;
			children = (
				596A58B62BC9A38C006C3108 /* SignUp */,
				591C46A72BC136A500D3BF14 /* MyPage */,
				591C46682BB4431500D3BF14 /* Login */,
				590E9D6C2BAC86E8006CC09E /* Home */,
				590E9D692BAC86D7006CC09E /* Splash */,
			);
			path = Presentation;
			sourceTree = "<group>";
		};
		590E9D4E2BAB3F7B006CC09E /* Resource */ = {
			isa = PBXGroup;
			children = (
				590E9D512BAB455F006CC09E /* Font */,
				590E9D412BAB3D0E006CC09E /* Assets.xcassets */,
			);
			path = Resource;
			sourceTree = "<group>";
		};
		590E9D512BAB455F006CC09E /* Font */ = {
			isa = PBXGroup;
			children = (
				590E9D552BAB456A006CC09E /* Pretendard-Black.otf */,
				590E9D522BAB456A006CC09E /* Pretendard-Bold.otf */,
				590E9D572BAB456A006CC09E /* Pretendard-ExtraBold.otf */,
				590E9D542BAB456A006CC09E /* Pretendard-ExtraLight.otf */,
				590E9D5A2BAB456B006CC09E /* Pretendard-Light.otf */,
				590E9D562BAB456A006CC09E /* Pretendard-Medium.otf */,
				590E9D532BAB456A006CC09E /* Pretendard-Regular.otf */,
				590E9D582BAB456A006CC09E /* Pretendard-SemiBold.otf */,
				590E9D592BAB456B006CC09E /* Pretendard-Thin.otf */,
			);
			path = Font;
			sourceTree = "<group>";
		};
		590E9D642BAB46B1006CC09E /* extension */ = {
			isa = PBXGroup;
			children = (
				590E9D652BAB46CC006CC09E /* UIFont+Pretendard.swift */,
				591C46732BB4815600D3BF14 /* UIImage+SystemImage.swift */,
				59A2BADF2BCED306003CFCAA /* UIViewController+Toast.swift */,
				593892212BFE297F00315CD3 /* UITableViewCell+Identifier.swift */,
			);
			path = extension;
			sourceTree = "<group>";
		};
		590E9D692BAC86D7006CC09E /* Splash */ = {
			isa = PBXGroup;
			children = (
				590E9D4F2BAB4018006CC09E /* SplashViewController.swift */,
				590E9D6D2BAC8703006CC09E /* SplashAnimationView.swift */,
			);
			path = Splash;
			sourceTree = "<group>";
		};
		590E9D6C2BAC86E8006CC09E /* Home */ = {
			isa = PBXGroup;
			children = (
				593892232BFE322C00315CD3 /* View */,
				593892242BFE323200315CD3 /* ViewModel */,
			);
			path = Home;
			sourceTree = "<group>";
		};
		591C46682BB4431500D3BF14 /* Login */ = {
			isa = PBXGroup;
			children = (
				591C466B2BB44A2C00D3BF14 /* View */,
				591C466C2BB44A3400D3BF14 /* ViewModel */,
			);
			path = Login;
			sourceTree = "<group>";
		};
		591C466B2BB44A2C00D3BF14 /* View */ = {
			isa = PBXGroup;
			children = (
				591C46692BB4434200D3BF14 /* LoginViewController.swift */,
			);
			path = View;
			sourceTree = "<group>";
		};
		591C466C2BB44A3400D3BF14 /* ViewModel */ = {
			isa = PBXGroup;
			children = (
				591C46902BB8775D00D3BF14 /* Protocol */,
				591C466F2BB470DA00D3BF14 /* DefaultLoginViewModel.swift */,
			);
			path = ViewModel;
			sourceTree = "<group>";
		};
		591C46752BB8591700D3BF14 /* Data */ = {
			isa = PBXGroup;
			children = (
				591C46A02BBDB98B00D3BF14 /* Utils */,
				591C46932BB87B3D00D3BF14 /* Repository */,
				591C46762BB859D300D3BF14 /* Network */,
			);
			path = Data;
			sourceTree = "<group>";
		};
		591C46762BB859D300D3BF14 /* Network */ = {
			isa = PBXGroup;
			children = (
				59A2BADC2BCECD6B003CFCAA /* Error */,
				591C469A2BB9AE9E00D3BF14 /* Extension */,
				591C46812BB86AA200D3BF14 /* DTO */,
				591C46772BB859E300D3BF14 /* Router.swift */,
				591C46792BB85E8C00D3BF14 /* RankInAPI.swift */,
				591C467B2BB85F2800D3BF14 /* NetworkError.swift */,
				591C46A32BBEF60400D3BF14 /* AuthManager.swift */,
			);
			path = Network;
			sourceTree = "<group>";
		};
		591C467D2BB85FDE00D3BF14 /* Domain */ = {
			isa = PBXGroup;
			children = (
				591C46872BB8731500D3BF14 /* Interface */,
				591C46862BB872FF00D3BF14 /* UseCase */,
				591C467E2BB8671200D3BF14 /* Model */,
			);
			path = Domain;
			sourceTree = "<group>";
		};
		591C467E2BB8671200D3BF14 /* Model */ = {
			isa = PBXGroup;
			children = (
				591C46842BB8701A00D3BF14 /* AppleLoginModel.swift */,
				591C468E2BB8750F00D3BF14 /* JWT.swift */,
				596A58C62BC9B700006C3108 /* SejongLoginInfo.swift */,
				5938921F2BFE292500315CD3 /* RankTableViewCellContents.swift */,
				59F4A1212C06C7B6000E17AD /* FetchRankComponents.swift */,
			);
			path = Model;
			sourceTree = "<group>";
		};
		591C46812BB86AA200D3BF14 /* DTO */ = {
			isa = PBXGroup;
			children = (
				591C46822BB86AC500D3BF14 /* AppleLoginDTO.swift */,
				591C468C2BB8749E00D3BF14 /* JWTDTO.swift */,
				596A58B42BC9A210006C3108 /* LoginResultDTO.swift */,
				596A58CC2BC9BCC8006C3108 /* SejongLoginInfoDTO.swift */,
				596A58CE2BC9BDD3006C3108 /* SejongLoginResultDTO.swift */,
				59A2BAED2BD011C5003CFCAA /* RefreshTokenDTO.swift */,
				59A2BAEF2BD011F3003CFCAA /* NicknameDTO.swift */,
				59A2BAF12BD01234003CFCAA /* GradeDTO.swift */,
				59A2BAFB2BD15F1D003CFCAA /* ClientIdentifierDTO.swift */,
				59A2BB032BD43951003CFCAA /* GitHubAccessTokenDTO.swift */,
				59A2BB092BD51E20003CFCAA /* GitHubAuthorizationDTO.swift */,
				59C273652BF1051300CAAC08 /* BaekjoonDTO.swift */,
				5938922E2BFE3A5E00315CD3 /* RankDTO.swift */,
				593892382C05FF5C00315CD3 /* FetchRankComponentsDTO.swift */,
			);
			path = DTO;
			sourceTree = "<group>";
		};
		591C46862BB872FF00D3BF14 /* UseCase */ = {
			isa = PBXGroup;
			children = (
				591C46882BB8732C00D3BF14 /* DefaultAppleLoginUseCase.swift */,
				596A58C82BC9BBEF006C3108 /* DefaultSejongLoginUseCase.swift */,
				596A58D62BCAD6B8006C3108 /* DefaultSetNicknameUseCase.swift */,
				59A2BAE92BCED7A8003CFCAA /* DefaultSetGradeUseCase.swift */,
				59A2BAF92BD15916003CFCAA /* DefaultGitHubAuthorizationUseCase.swift */,
				59A2BB072BD51D51003CFCAA /* DefaultGitHubAuthorizationRegisterUseCase.swift */,
				59C273672BF105C000CAAC08 /* DefaultSetBaekjoonIDUseCase.swift */,
				593892322BFE3FB500315CD3 /* DefaultFetchRankListUseCase.swift */,
			);
			path = UseCase;
			sourceTree = "<group>";
		};
		591C46872BB8731500D3BF14 /* Interface */ = {
			isa = PBXGroup;
			children = (
				591C46952BB87B6F00D3BF14 /* Repository */,
				591C468A2BB8738200D3BF14 /* AppleLoginUseCase.swift */,
				596A58C02BC9B5C7006C3108 /* SejongLoginUseCase.swift */,
				596A58D42BCAD66B006C3108 /* SetNicknameUseCase.swift */,
				59A2BAE72BCED764003CFCAA /* SetGradeUseCase.swift */,
				59A2BAF72BD158EA003CFCAA /* GitHubAuthorizationUseCase.swift */,
				59A2BB052BD51D09003CFCAA /* GitHubAuthorizationRegisterUseCase.swift */,
				59C273632BF104A000CAAC08 /* SetBaekjoonIDUseCase.swift */,
				593892282BFE355C00315CD3 /* FetchRankListUseCase.swift */,
				59828B832C0E2CC3007AA3E1 /* LogOutUseCase.swift */,
			);
			path = Interface;
			sourceTree = "<group>";
		};
		591C46902BB8775D00D3BF14 /* Protocol */ = {
			isa = PBXGroup;
			children = (
				591C46912BB8777400D3BF14 /* LoginViewModel.swift */,
			);
			path = Protocol;
			sourceTree = "<group>";
		};
		591C46932BB87B3D00D3BF14 /* Repository */ = {
			isa = PBXGroup;
			children = (
				591C46982BB87C6E00D3BF14 /* DefaultUserRepository.swift */,
				596A58CA2BC9BC5A006C3108 /* DefaultSignUpRepository.swift */,
				5938922C2BFE35D600315CD3 /* DefaultRankRepository.swift */,
			);
			path = Repository;
			sourceTree = "<group>";
		};
		591C46952BB87B6F00D3BF14 /* Repository */ = {
			isa = PBXGroup;
			children = (
				591C46962BB87BA300D3BF14 /* UserRepository.swift */,
				596A58C22BC9B60C006C3108 /* SignUpRepository.swift */,
				5938922A2BFE35A100315CD3 /* RankRepository.swift */,
			);
			path = Repository;
			sourceTree = "<group>";
		};
		591C469A2BB9AE9E00D3BF14 /* Extension */ = {
			isa = PBXGroup;
			children = (
				591C469B2BB9AEAE00D3BF14 /* Encodable+AsDictionary.swift */,
			);
			path = Extension;
			sourceTree = "<group>";
		};
		591C46A02BBDB98B00D3BF14 /* Utils */ = {
			isa = PBXGroup;
			children = (
				591C46A12BBDB99700D3BF14 /* KeyChainManager.swift */,
			);
			path = Utils;
			sourceTree = "<group>";
		};
		591C46A72BC136A500D3BF14 /* MyPage */ = {
			isa = PBXGroup;
			children = (
				59828B7F2C0E2A39007AA3E1 /* ViewModel */,
				591C46A82BC136B100D3BF14 /* View */,
			);
			path = MyPage;
			sourceTree = "<group>";
		};
		591C46A82BC136B100D3BF14 /* View */ = {
			isa = PBXGroup;
			children = (
				591C46A92BC136C600D3BF14 /* MyPageViewController.swift */,
			);
			path = View;
			sourceTree = "<group>";
		};
		593892232BFE322C00315CD3 /* View */ = {
			isa = PBXGroup;
			children = (
				590E9D3C2BAB3D0C006CC09E /* HomeViewController.swift */,
				5938921D2BFE26F600315CD3 /* RankTableViewCell.swift */,
			);
			path = View;
			sourceTree = "<group>";
		};
		593892242BFE323200315CD3 /* ViewModel */ = {
			isa = PBXGroup;
			children = (
				593892252BFE324500315CD3 /* Protocol */,
				593892302BFE3E7600315CD3 /* DefaultHomeViewModel.swift */,
			);
			path = ViewModel;
			sourceTree = "<group>";
		};
		593892252BFE324500315CD3 /* Protocol */ = {
			isa = PBXGroup;
			children = (
				593892262BFE324F00315CD3 /* HomeViewModel.swift */,
			);
			path = Protocol;
			sourceTree = "<group>";
		};
		596A58B62BC9A38C006C3108 /* SignUp */ = {
			isa = PBXGroup;
			children = (
				596A58B72BC9A395006C3108 /* View */,
				596A58BA2BC9B2B7006C3108 /* ViewModel */,
			);
			path = SignUp;
			sourceTree = "<group>";
		};
		596A58B72BC9A395006C3108 /* View */ = {
			isa = PBXGroup;
			children = (
				596A58B82BC9A3A2006C3108 /* SejongLoginViewController.swift */,
				596A58D02BCAD51D006C3108 /* NicknameViewController.swift */,
				59A2BAE32BCED616003CFCAA /* GradeViewController.swift */,
				59A2BAF32BD150EE003CFCAA /* GitHubViewController.swift */,
				59C2735F2BF0FF6100CAAC08 /* BaekjoonViewController.swift */,
			);
			path = View;
			sourceTree = "<group>";
		};
		596A58BA2BC9B2B7006C3108 /* ViewModel */ = {
			isa = PBXGroup;
			children = (
				596A58BD2BC9B368006C3108 /* Protocol */,
				596A58BE2BC9B37C006C3108 /* DefaultSejongLoginViewModel.swift */,
				596A58D82BCADAC2006C3108 /* DefaultNicknameViewModel.swift */,
				59A2BAEB2BCED8DA003CFCAA /* DefaultGradeViewModel.swift */,
				59A2BAFD2BD16668003CFCAA /* DefaultGitHubViewModel.swift */,
				59C273692BF10B8000CAAC08 /* DefaultBaekjoonViewModel.swift */,
			);
			path = ViewModel;
			sourceTree = "<group>";
		};
		596A58BD2BC9B368006C3108 /* Protocol */ = {
			isa = PBXGroup;
			children = (
				596A58BB2BC9B2BF006C3108 /* SejongLoginViewModel.swift */,
				596A58D22BCAD615006C3108 /* NicknameViewModel.swift */,
				59A2BAE52BCED70B003CFCAA /* GradeViewModel.swift */,
				59A2BAF52BD15878003CFCAA /* GitHubViewModel.swift */,
				59C273612BF103ED00CAAC08 /* BaekjoonViewModel.swift */,
			);
			path = Protocol;
			sourceTree = "<group>";
		};
		59828B7F2C0E2A39007AA3E1 /* ViewModel */ = {
			isa = PBXGroup;
			children = (
				59828B822C0E2A4C007AA3E1 /* Protocol */,
			);
			path = ViewModel;
			sourceTree = "<group>";
		};
		59828B822C0E2A4C007AA3E1 /* Protocol */ = {
			isa = PBXGroup;
			children = (
				59828B802C0E2A46007AA3E1 /* MyPageViewModel.swift */,
			);
			path = Protocol;
			sourceTree = "<group>";
		};
		59A2BADC2BCECD6B003CFCAA /* Error */ = {
			isa = PBXGroup;
			children = (
				59A2BADD2BCECD80003CFCAA /* RepositoryError.swift */,
			);
			path = Error;
			sourceTree = "<group>";
		};
		CE384C7C00B8659705E3FD80 /* Frameworks */ = {
			isa = PBXGroup;
			children = (
				3C583672605C10F7D49A2D68 /* Pods_RankIn.framework */,
			);
			name = Frameworks;
			sourceTree = "<group>";
		};
/* End PBXGroup section */

/* Begin PBXNativeTarget section */
		590E9D342BAB3D0C006CC09E /* RankIn */ = {
			isa = PBXNativeTarget;
			buildConfigurationList = 590E9D492BAB3D0E006CC09E /* Build configuration list for PBXNativeTarget "RankIn" */;
			buildPhases = (
				1674E5A86F5EBCF3A52D3B21 /* [CP] Check Pods Manifest.lock */,
				590E9D312BAB3D0C006CC09E /* Sources */,
				590E9D322BAB3D0C006CC09E /* Frameworks */,
				590E9D332BAB3D0C006CC09E /* Resources */,
				590E9D672BAC7016006CC09E /* SwiftLint Script */,
				1417389DCCDD7FF870511F8E /* [CP] Embed Pods Frameworks */,
			);
			buildRules = (
			);
			dependencies = (
			);
			name = RankIn;
			productName = RankIn;
			productReference = 590E9D352BAB3D0C006CC09E /* RankIn.app */;
			productType = "com.apple.product-type.application";
		};
/* End PBXNativeTarget section */

/* Begin PBXProject section */
		590E9D2D2BAB3D0C006CC09E /* Project object */ = {
			isa = PBXProject;
			attributes = {
				BuildIndependentTargetsInParallel = 1;
				LastSwiftUpdateCheck = 1520;
				LastUpgradeCheck = 1520;
				TargetAttributes = {
					590E9D342BAB3D0C006CC09E = {
						CreatedOnToolsVersion = 15.2;
					};
				};
			};
			buildConfigurationList = 590E9D302BAB3D0C006CC09E /* Build configuration list for PBXProject "RankIn" */;
			compatibilityVersion = "Xcode 14.0";
			developmentRegion = en;
			hasScannedForEncodings = 0;
			knownRegions = (
				en,
				Base,
			);
			mainGroup = 590E9D2C2BAB3D0C006CC09E;
			productRefGroup = 590E9D362BAB3D0C006CC09E /* Products */;
			projectDirPath = "";
			projectRoot = "";
			targets = (
				590E9D342BAB3D0C006CC09E /* RankIn */,
			);
		};
/* End PBXProject section */

/* Begin PBXResourcesBuildPhase section */
		590E9D332BAB3D0C006CC09E /* Resources */ = {
			isa = PBXResourcesBuildPhase;
			buildActionMask = 2147483647;
			files = (
				590E9D5F2BAB456B006CC09E /* Pretendard-Medium.otf in Resources */,
				590E9D622BAB456B006CC09E /* Pretendard-Thin.otf in Resources */,
				590E9D452BAB3D0E006CC09E /* LaunchScreen.storyboard in Resources */,
				590E9D602BAB456B006CC09E /* Pretendard-ExtraBold.otf in Resources */,
				590E9D5C2BAB456B006CC09E /* Pretendard-Regular.otf in Resources */,
				590E9D632BAB456B006CC09E /* Pretendard-Light.otf in Resources */,
				590E9D5D2BAB456B006CC09E /* Pretendard-ExtraLight.otf in Resources */,
				590E9D5B2BAB456B006CC09E /* Pretendard-Bold.otf in Resources */,
				590E9D612BAB456B006CC09E /* Pretendard-SemiBold.otf in Resources */,
				590E9D5E2BAB456B006CC09E /* Pretendard-Black.otf in Resources */,
				590E9D422BAB3D0E006CC09E /* Assets.xcassets in Resources */,
			);
			runOnlyForDeploymentPostprocessing = 0;
		};
/* End PBXResourcesBuildPhase section */

/* Begin PBXShellScriptBuildPhase section */
		1417389DCCDD7FF870511F8E /* [CP] Embed Pods Frameworks */ = {
			isa = PBXShellScriptBuildPhase;
			buildActionMask = 2147483647;
			files = (
			);
			inputFileListPaths = (
				"${PODS_ROOT}/Target Support Files/Pods-RankIn/Pods-RankIn-frameworks-${CONFIGURATION}-input-files.xcfilelist",
			);
			name = "[CP] Embed Pods Frameworks";
			outputFileListPaths = (
				"${PODS_ROOT}/Target Support Files/Pods-RankIn/Pods-RankIn-frameworks-${CONFIGURATION}-output-files.xcfilelist",
			);
			runOnlyForDeploymentPostprocessing = 0;
			shellPath = /bin/sh;
			shellScript = "\"${PODS_ROOT}/Target Support Files/Pods-RankIn/Pods-RankIn-frameworks.sh\"\n";
			showEnvVarsInLog = 0;
		};
		1674E5A86F5EBCF3A52D3B21 /* [CP] Check Pods Manifest.lock */ = {
			isa = PBXShellScriptBuildPhase;
			buildActionMask = 2147483647;
			files = (
			);
			inputFileListPaths = (
			);
			inputPaths = (
				"${PODS_PODFILE_DIR_PATH}/Podfile.lock",
				"${PODS_ROOT}/Manifest.lock",
			);
			name = "[CP] Check Pods Manifest.lock";
			outputFileListPaths = (
			);
			outputPaths = (
				"$(DERIVED_FILE_DIR)/Pods-RankIn-checkManifestLockResult.txt",
			);
			runOnlyForDeploymentPostprocessing = 0;
			shellPath = /bin/sh;
			shellScript = "diff \"${PODS_PODFILE_DIR_PATH}/Podfile.lock\" \"${PODS_ROOT}/Manifest.lock\" > /dev/null\nif [ $? != 0 ] ; then\n    # print error to STDERR\n    echo \"error: The sandbox is not in sync with the Podfile.lock. Run 'pod install' or update your CocoaPods installation.\" >&2\n    exit 1\nfi\n# This output is used by Xcode 'outputs' to avoid re-running this script phase.\necho \"SUCCESS\" > \"${SCRIPT_OUTPUT_FILE_0}\"\n";
			showEnvVarsInLog = 0;
		};
		590E9D672BAC7016006CC09E /* SwiftLint Script */ = {
			isa = PBXShellScriptBuildPhase;
			alwaysOutOfDate = 1;
			buildActionMask = 2147483647;
			files = (
			);
			inputFileListPaths = (
			);
			inputPaths = (
			);
			name = "SwiftLint Script";
			outputFileListPaths = (
			);
			outputPaths = (
			);
			runOnlyForDeploymentPostprocessing = 0;
			shellPath = /bin/sh;
			shellScript = "\"${PODS_ROOT}/SwiftLint/swiftlint\"\n";
		};
/* End PBXShellScriptBuildPhase section */

/* Begin PBXSourcesBuildPhase section */
		590E9D312BAB3D0C006CC09E /* Sources */ = {
			isa = PBXSourcesBuildPhase;
			buildActionMask = 2147483647;
			files = (
				59C273642BF104A000CAAC08 /* SetBaekjoonIDUseCase.swift in Sources */,
				5938922B2BFE35A100315CD3 /* RankRepository.swift in Sources */,
				59C2736A2BF10B8000CAAC08 /* DefaultBaekjoonViewModel.swift in Sources */,
				59A2BAEA2BCED7A8003CFCAA /* DefaultSetGradeUseCase.swift in Sources */,
				59A2BAE02BCED306003CFCAA /* UIViewController+Toast.swift in Sources */,
				593892392C05FF5C00315CD3 /* FetchRankComponentsDTO.swift in Sources */,
				591C46AA2BC136C600D3BF14 /* MyPageViewController.swift in Sources */,
				593892332BFE3FB500315CD3 /* DefaultFetchRankListUseCase.swift in Sources */,
				59C273602BF0FF6100CAAC08 /* BaekjoonViewController.swift in Sources */,
				59A2BAF62BD15878003CFCAA /* GitHubViewModel.swift in Sources */,
				59A2BAF02BD011F3003CFCAA /* NicknameDTO.swift in Sources */,
				596A58C92BC9BBEF006C3108 /* DefaultSejongLoginUseCase.swift in Sources */,
				591C46782BB859E300D3BF14 /* Router.swift in Sources */,
				591C46A42BBEF60400D3BF14 /* AuthManager.swift in Sources */,
				596A58D52BCAD66B006C3108 /* SetNicknameUseCase.swift in Sources */,
				591C46922BB8777400D3BF14 /* LoginViewModel.swift in Sources */,
				596A58B52BC9A210006C3108 /* LoginResultDTO.swift in Sources */,
				593892202BFE292500315CD3 /* RankTableViewCellContents.swift in Sources */,
				591C466A2BB4434200D3BF14 /* LoginViewController.swift in Sources */,
				596A58CB2BC9BC5A006C3108 /* DefaultSignUpRepository.swift in Sources */,
				59A2BAEE2BD011C5003CFCAA /* RefreshTokenDTO.swift in Sources */,
				59A2BAE82BCED764003CFCAA /* SetGradeUseCase.swift in Sources */,
				596A58C32BC9B60C006C3108 /* SignUpRepository.swift in Sources */,
				59A2BAF42BD150EE003CFCAA /* GitHubViewController.swift in Sources */,
				596A58C72BC9B700006C3108 /* SejongLoginInfo.swift in Sources */,
				596A58D12BCAD51D006C3108 /* NicknameViewController.swift in Sources */,
				596A58B92BC9A3A2006C3108 /* SejongLoginViewController.swift in Sources */,
				5938922D2BFE35D600315CD3 /* DefaultRankRepository.swift in Sources */,
				59A2BAF82BD158EA003CFCAA /* GitHubAuthorizationUseCase.swift in Sources */,
				59A2BB082BD51D51003CFCAA /* DefaultGitHubAuthorizationRegisterUseCase.swift in Sources */,
				59A2BAFC2BD15F1D003CFCAA /* ClientIdentifierDTO.swift in Sources */,
				59F4A1222C06C7B6000E17AD /* FetchRankComponents.swift in Sources */,
				591C46832BB86AC500D3BF14 /* AppleLoginDTO.swift in Sources */,
				59A2BB062BD51D09003CFCAA /* GitHubAuthorizationRegisterUseCase.swift in Sources */,
				591C46852BB8701A00D3BF14 /* AppleLoginModel.swift in Sources */,
				591C469C2BB9AEAE00D3BF14 /* Encodable+AsDictionary.swift in Sources */,
				591C46972BB87BA300D3BF14 /* UserRepository.swift in Sources */,
				593892292BFE355C00315CD3 /* FetchRankListUseCase.swift in Sources */,
				596A58D32BCAD616006C3108 /* NicknameViewModel.swift in Sources */,
				596A58D72BCAD6B8006C3108 /* DefaultSetNicknameUseCase.swift in Sources */,
				596A58C12BC9B5C7006C3108 /* SejongLoginUseCase.swift in Sources */,
				59A2BAE62BCED70B003CFCAA /* GradeViewModel.swift in Sources */,
				59C273622BF103ED00CAAC08 /* BaekjoonViewModel.swift in Sources */,
				59A2BAFA2BD15916003CFCAA /* DefaultGitHubAuthorizationUseCase.swift in Sources */,
				596A58CD2BC9BCC8006C3108 /* SejongLoginInfoDTO.swift in Sources */,
				5938922F2BFE3A5E00315CD3 /* RankDTO.swift in Sources */,
				593892312BFE3E7600315CD3 /* DefaultHomeViewModel.swift in Sources */,
				59828B812C0E2A46007AA3E1 /* MyPageViewModel.swift in Sources */,
				59A2BAE42BCED616003CFCAA /* GradeViewController.swift in Sources */,
				593892222BFE297F00315CD3 /* UITableViewCell+Identifier.swift in Sources */,
				59A2BAEC2BCED8DA003CFCAA /* DefaultGradeViewModel.swift in Sources */,
				590E9D662BAB46CC006CC09E /* UIFont+Pretendard.swift in Sources */,
				5938921E2BFE26F600315CD3 /* RankTableViewCell.swift in Sources */,
				596A58BF2BC9B37C006C3108 /* DefaultSejongLoginViewModel.swift in Sources */,
				596A58CF2BC9BDD3006C3108 /* SejongLoginResultDTO.swift in Sources */,
				591C46742BB4815600D3BF14 /* UIImage+SystemImage.swift in Sources */,
				591C46892BB8732C00D3BF14 /* DefaultAppleLoginUseCase.swift in Sources */,
				59A2BADE2BCECD80003CFCAA /* RepositoryError.swift in Sources */,
				59A2BB0A2BD51E20003CFCAA /* GitHubAuthorizationDTO.swift in Sources */,
				59C273662BF1051400CAAC08 /* BaekjoonDTO.swift in Sources */,
				591C468B2BB8738200D3BF14 /* AppleLoginUseCase.swift in Sources */,
				591C46A22BBDB99700D3BF14 /* KeyChainManager.swift in Sources */,
				59A2BB042BD43951003CFCAA /* GitHubAccessTokenDTO.swift in Sources */,
				590E9D3D2BAB3D0C006CC09E /* HomeViewController.swift in Sources */,
				590E9D6E2BAC8703006CC09E /* SplashAnimationView.swift in Sources */,
				596A58D92BCADAC3006C3108 /* DefaultNicknameViewModel.swift in Sources */,
				591C468D2BB8749E00D3BF14 /* JWTDTO.swift in Sources */,
				590E9D392BAB3D0C006CC09E /* AppDelegate.swift in Sources */,
				596A58BC2BC9B2BF006C3108 /* SejongLoginViewModel.swift in Sources */,
				59A2BAF22BD01234003CFCAA /* GradeDTO.swift in Sources */,
				593892272BFE324F00315CD3 /* HomeViewModel.swift in Sources */,
				590E9D3B2BAB3D0C006CC09E /* SceneDelegate.swift in Sources */,
				59A2BAFE2BD16668003CFCAA /* DefaultGitHubViewModel.swift in Sources */,
				590E9D502BAB4018006CC09E /* SplashViewController.swift in Sources */,
				591C46992BB87C6E00D3BF14 /* DefaultUserRepository.swift in Sources */,
				591C467C2BB85F2800D3BF14 /* NetworkError.swift in Sources */,
				591C468F2BB8750F00D3BF14 /* JWT.swift in Sources */,
				591C46702BB470DA00D3BF14 /* DefaultLoginViewModel.swift in Sources */,
				59828B842C0E2CC3007AA3E1 /* LogOutUseCase.swift in Sources */,
				59C273682BF105C000CAAC08 /* DefaultSetBaekjoonIDUseCase.swift in Sources */,
				591C467A2BB85E8C00D3BF14 /* RankInAPI.swift in Sources */,
			);
			runOnlyForDeploymentPostprocessing = 0;
		};
/* End PBXSourcesBuildPhase section */

/* Begin PBXVariantGroup section */
		590E9D432BAB3D0E006CC09E /* LaunchScreen.storyboard */ = {
			isa = PBXVariantGroup;
			children = (
				590E9D442BAB3D0E006CC09E /* Base */,
			);
			name = LaunchScreen.storyboard;
			sourceTree = "<group>";
		};
/* End PBXVariantGroup section */

/* Begin XCBuildConfiguration section */
		590E9D472BAB3D0E006CC09E /* Debug */ = {
			isa = XCBuildConfiguration;
			baseConfigurationReference = 596A58B32BC83704006C3108 /* Secret.xcconfig */;
			buildSettings = {
				ALWAYS_SEARCH_USER_PATHS = NO;
				ASSETCATALOG_COMPILER_GENERATE_SWIFT_ASSET_SYMBOL_EXTENSIONS = YES;
				CLANG_ANALYZER_NONNULL = YES;
				CLANG_ANALYZER_NUMBER_OBJECT_CONVERSION = YES_AGGRESSIVE;
				CLANG_CXX_LANGUAGE_STANDARD = "gnu++20";
				CLANG_ENABLE_MODULES = YES;
				CLANG_ENABLE_OBJC_ARC = YES;
				CLANG_ENABLE_OBJC_WEAK = YES;
				CLANG_WARN_BLOCK_CAPTURE_AUTORELEASING = YES;
				CLANG_WARN_BOOL_CONVERSION = YES;
				CLANG_WARN_COMMA = YES;
				CLANG_WARN_CONSTANT_CONVERSION = YES;
				CLANG_WARN_DEPRECATED_OBJC_IMPLEMENTATIONS = YES;
				CLANG_WARN_DIRECT_OBJC_ISA_USAGE = YES_ERROR;
				CLANG_WARN_DOCUMENTATION_COMMENTS = YES;
				CLANG_WARN_EMPTY_BODY = YES;
				CLANG_WARN_ENUM_CONVERSION = YES;
				CLANG_WARN_INFINITE_RECURSION = YES;
				CLANG_WARN_INT_CONVERSION = YES;
				CLANG_WARN_NON_LITERAL_NULL_CONVERSION = YES;
				CLANG_WARN_OBJC_IMPLICIT_RETAIN_SELF = YES;
				CLANG_WARN_OBJC_LITERAL_CONVERSION = YES;
				CLANG_WARN_OBJC_ROOT_CLASS = YES_ERROR;
				CLANG_WARN_QUOTED_INCLUDE_IN_FRAMEWORK_HEADER = YES;
				CLANG_WARN_RANGE_LOOP_ANALYSIS = YES;
				CLANG_WARN_STRICT_PROTOTYPES = YES;
				CLANG_WARN_SUSPICIOUS_MOVE = YES;
				CLANG_WARN_UNGUARDED_AVAILABILITY = YES_AGGRESSIVE;
				CLANG_WARN_UNREACHABLE_CODE = YES;
				CLANG_WARN__DUPLICATE_METHOD_MATCH = YES;
				COPY_PHASE_STRIP = NO;
				DEBUG_INFORMATION_FORMAT = dwarf;
				ENABLE_STRICT_OBJC_MSGSEND = YES;
				ENABLE_TESTABILITY = YES;
				ENABLE_USER_SCRIPT_SANDBOXING = YES;
				GCC_C_LANGUAGE_STANDARD = gnu17;
				GCC_DYNAMIC_NO_PIC = NO;
				GCC_NO_COMMON_BLOCKS = YES;
				GCC_OPTIMIZATION_LEVEL = 0;
				GCC_PREPROCESSOR_DEFINITIONS = (
					"DEBUG=1",
					"$(inherited)",
				);
				GCC_WARN_64_TO_32_BIT_CONVERSION = YES;
				GCC_WARN_ABOUT_RETURN_TYPE = YES_ERROR;
				GCC_WARN_UNDECLARED_SELECTOR = YES;
				GCC_WARN_UNINITIALIZED_AUTOS = YES_AGGRESSIVE;
				GCC_WARN_UNUSED_FUNCTION = YES;
				GCC_WARN_UNUSED_VARIABLE = YES;
				IPHONEOS_DEPLOYMENT_TARGET = 16.0;
				LOCALIZATION_PREFERS_STRING_CATALOGS = YES;
				MTL_ENABLE_DEBUG_INFO = INCLUDE_SOURCE;
				MTL_FAST_MATH = YES;
				ONLY_ACTIVE_ARCH = YES;
				SDKROOT = iphoneos;
				SWIFT_ACTIVE_COMPILATION_CONDITIONS = "DEBUG $(inherited)";
				SWIFT_OPTIMIZATION_LEVEL = "-Onone";
			};
			name = Debug;
		};
		590E9D482BAB3D0E006CC09E /* Release */ = {
			isa = XCBuildConfiguration;
			buildSettings = {
				ALWAYS_SEARCH_USER_PATHS = NO;
				ASSETCATALOG_COMPILER_GENERATE_SWIFT_ASSET_SYMBOL_EXTENSIONS = YES;
				CLANG_ANALYZER_NONNULL = YES;
				CLANG_ANALYZER_NUMBER_OBJECT_CONVERSION = YES_AGGRESSIVE;
				CLANG_CXX_LANGUAGE_STANDARD = "gnu++20";
				CLANG_ENABLE_MODULES = YES;
				CLANG_ENABLE_OBJC_ARC = YES;
				CLANG_ENABLE_OBJC_WEAK = YES;
				CLANG_WARN_BLOCK_CAPTURE_AUTORELEASING = YES;
				CLANG_WARN_BOOL_CONVERSION = YES;
				CLANG_WARN_COMMA = YES;
				CLANG_WARN_CONSTANT_CONVERSION = YES;
				CLANG_WARN_DEPRECATED_OBJC_IMPLEMENTATIONS = YES;
				CLANG_WARN_DIRECT_OBJC_ISA_USAGE = YES_ERROR;
				CLANG_WARN_DOCUMENTATION_COMMENTS = YES;
				CLANG_WARN_EMPTY_BODY = YES;
				CLANG_WARN_ENUM_CONVERSION = YES;
				CLANG_WARN_INFINITE_RECURSION = YES;
				CLANG_WARN_INT_CONVERSION = YES;
				CLANG_WARN_NON_LITERAL_NULL_CONVERSION = YES;
				CLANG_WARN_OBJC_IMPLICIT_RETAIN_SELF = YES;
				CLANG_WARN_OBJC_LITERAL_CONVERSION = YES;
				CLANG_WARN_OBJC_ROOT_CLASS = YES_ERROR;
				CLANG_WARN_QUOTED_INCLUDE_IN_FRAMEWORK_HEADER = YES;
				CLANG_WARN_RANGE_LOOP_ANALYSIS = YES;
				CLANG_WARN_STRICT_PROTOTYPES = YES;
				CLANG_WARN_SUSPICIOUS_MOVE = YES;
				CLANG_WARN_UNGUARDED_AVAILABILITY = YES_AGGRESSIVE;
				CLANG_WARN_UNREACHABLE_CODE = YES;
				CLANG_WARN__DUPLICATE_METHOD_MATCH = YES;
				COPY_PHASE_STRIP = NO;
				DEBUG_INFORMATION_FORMAT = "dwarf-with-dsym";
				ENABLE_NS_ASSERTIONS = NO;
				ENABLE_STRICT_OBJC_MSGSEND = YES;
				ENABLE_USER_SCRIPT_SANDBOXING = YES;
				GCC_C_LANGUAGE_STANDARD = gnu17;
				GCC_NO_COMMON_BLOCKS = YES;
				GCC_WARN_64_TO_32_BIT_CONVERSION = YES;
				GCC_WARN_ABOUT_RETURN_TYPE = YES_ERROR;
				GCC_WARN_UNDECLARED_SELECTOR = YES;
				GCC_WARN_UNINITIALIZED_AUTOS = YES_AGGRESSIVE;
				GCC_WARN_UNUSED_FUNCTION = YES;
				GCC_WARN_UNUSED_VARIABLE = YES;
				IPHONEOS_DEPLOYMENT_TARGET = 16.0;
				LOCALIZATION_PREFERS_STRING_CATALOGS = YES;
				MTL_ENABLE_DEBUG_INFO = NO;
				MTL_FAST_MATH = YES;
				SDKROOT = iphoneos;
				SWIFT_COMPILATION_MODE = wholemodule;
				VALIDATE_PRODUCT = YES;
			};
			name = Release;
		};
		590E9D4A2BAB3D0E006CC09E /* Debug */ = {
			isa = XCBuildConfiguration;
			baseConfigurationReference = 639A6E866D0594E693CF81EA /* Pods-RankIn.debug.xcconfig */;
			buildSettings = {
				ASSETCATALOG_COMPILER_APPICON_NAME = AppIcon;
				ASSETCATALOG_COMPILER_GLOBAL_ACCENT_COLOR_NAME = AccentColor;
				CODE_SIGN_ENTITLEMENTS = RankIn/RankIn.entitlements;
				CODE_SIGN_STYLE = Automatic;
				CURRENT_PROJECT_VERSION = 1;
				DEVELOPMENT_TEAM = 7CQAR4CYZX;
				ENABLE_APP_SANDBOX = NO;
				ENABLE_USER_SCRIPT_SANDBOXING = NO;
				GENERATE_INFOPLIST_FILE = YES;
				INFOPLIST_FILE = RankIn/Application/Info.plist;
				INFOPLIST_KEY_UIApplicationSupportsIndirectInputEvents = YES;
				INFOPLIST_KEY_UILaunchStoryboardName = LaunchScreen.storyboard;
				INFOPLIST_KEY_UIStatusBarHidden = YES;
				INFOPLIST_KEY_UIStatusBarStyle = UIStatusBarStyleDarkContent;
				INFOPLIST_KEY_UISupportedInterfaceOrientations = UIInterfaceOrientationPortrait;
				INFOPLIST_KEY_UISupportedInterfaceOrientations_iPad = "UIInterfaceOrientationLandscapeLeft UIInterfaceOrientationLandscapeRight UIInterfaceOrientationPortrait UIInterfaceOrientationPortraitUpsideDown";
				INFOPLIST_KEY_UIUserInterfaceStyle = Dark;
				IPHONEOS_DEPLOYMENT_TARGET = 16.0;
				LD_RUNPATH_SEARCH_PATHS = (
					"$(inherited)",
					"@executable_path/Frameworks",
				);
				MARKETING_VERSION = 1.0;
				PRODUCT_BUNDLE_IDENTIFIER = "com.boost-coder.rankin";
				PRODUCT_NAME = "$(TARGET_NAME)";
				SUPPORTED_PLATFORMS = "iphoneos iphonesimulator";
				SUPPORTS_MACCATALYST = NO;
				SUPPORTS_MAC_DESIGNED_FOR_IPHONE_IPAD = NO;
				SUPPORTS_XR_DESIGNED_FOR_IPHONE_IPAD = NO;
				SWIFT_EMIT_LOC_STRINGS = YES;
				SWIFT_VERSION = 5.0;
				TARGETED_DEVICE_FAMILY = 1;
			};
			name = Debug;
		};
		590E9D4B2BAB3D0E006CC09E /* Release */ = {
			isa = XCBuildConfiguration;
			baseConfigurationReference = 47CC3F7D964E8D9D55D56450 /* Pods-RankIn.release.xcconfig */;
			buildSettings = {
				ASSETCATALOG_COMPILER_APPICON_NAME = AppIcon;
				ASSETCATALOG_COMPILER_GLOBAL_ACCENT_COLOR_NAME = AccentColor;
				CODE_SIGN_ENTITLEMENTS = RankIn/RankIn.entitlements;
				CODE_SIGN_STYLE = Automatic;
				CURRENT_PROJECT_VERSION = 1;
				DEVELOPMENT_TEAM = 7CQAR4CYZX;
				ENABLE_APP_SANDBOX = NO;
				ENABLE_USER_SCRIPT_SANDBOXING = NO;
				GENERATE_INFOPLIST_FILE = YES;
				INFOPLIST_FILE = RankIn/Application/Info.plist;
				INFOPLIST_KEY_UIApplicationSupportsIndirectInputEvents = YES;
				INFOPLIST_KEY_UILaunchStoryboardName = LaunchScreen.storyboard;
				INFOPLIST_KEY_UIStatusBarHidden = YES;
				INFOPLIST_KEY_UIStatusBarStyle = UIStatusBarStyleDarkContent;
				INFOPLIST_KEY_UISupportedInterfaceOrientations = UIInterfaceOrientationPortrait;
				INFOPLIST_KEY_UISupportedInterfaceOrientations_iPad = "UIInterfaceOrientationLandscapeLeft UIInterfaceOrientationLandscapeRight UIInterfaceOrientationPortrait UIInterfaceOrientationPortraitUpsideDown";
				INFOPLIST_KEY_UIUserInterfaceStyle = Dark;
				IPHONEOS_DEPLOYMENT_TARGET = 16.0;
				LD_RUNPATH_SEARCH_PATHS = (
					"$(inherited)",
					"@executable_path/Frameworks",
				);
				MARKETING_VERSION = 1.0;
				PRODUCT_BUNDLE_IDENTIFIER = "com.boost-coder.rankin";
				PRODUCT_NAME = "$(TARGET_NAME)";
				SUPPORTED_PLATFORMS = "iphoneos iphonesimulator";
				SUPPORTS_MACCATALYST = NO;
				SUPPORTS_MAC_DESIGNED_FOR_IPHONE_IPAD = NO;
				SUPPORTS_XR_DESIGNED_FOR_IPHONE_IPAD = NO;
				SWIFT_EMIT_LOC_STRINGS = YES;
				SWIFT_VERSION = 5.0;
				TARGETED_DEVICE_FAMILY = 1;
			};
			name = Release;
		};
/* End XCBuildConfiguration section */

/* Begin XCConfigurationList section */
		590E9D302BAB3D0C006CC09E /* Build configuration list for PBXProject "RankIn" */ = {
			isa = XCConfigurationList;
			buildConfigurations = (
				590E9D472BAB3D0E006CC09E /* Debug */,
				590E9D482BAB3D0E006CC09E /* Release */,
			);
			defaultConfigurationIsVisible = 0;
			defaultConfigurationName = Release;
		};
		590E9D492BAB3D0E006CC09E /* Build configuration list for PBXNativeTarget "RankIn" */ = {
			isa = XCConfigurationList;
			buildConfigurations = (
				590E9D4A2BAB3D0E006CC09E /* Debug */,
				590E9D4B2BAB3D0E006CC09E /* Release */,
			);
			defaultConfigurationIsVisible = 0;
			defaultConfigurationName = Release;
		};
/* End XCConfigurationList section */
	};
	rootObject = 590E9D2D2BAB3D0C006CC09E /* Project object */;
}
